<?xml version="1.0" encoding="utf-8"?>
<Project ToolsVersion="4.0" xmlns="http://schemas.microsoft.com/developer/msbuild/2003">
  <ItemGroup>
    <Filter Include="JunkBuster">
      <UniqueIdentifier>{b63314cf-0757-440d-993f-1a0f622ae2a2}</UniqueIdentifier>
    </Filter>
    <Filter Include="Win32">
      <UniqueIdentifier>{6326b11e-be1c-42ed-a5d6-51b934ce1933}</UniqueIdentifier>
    </Filter>
    <Filter Include="Resources">
      <UniqueIdentifier>{478686b7-868f-4c96-9636-b08b622df794}</UniqueIdentifier>
      <Extensions>rc,ico,bmp</Extensions>
    </Filter>
    <Filter Include="PCRE">
      <UniqueIdentifier>{4508d255-771c-40d4-adcf-a2cfd812750a}</UniqueIdentifier>
    </Filter>
    <Filter Include="PCRS">
      <UniqueIdentifier>{c198479d-dbd2-4a51-8ca7-13baff254c05}</UniqueIdentifier>
    </Filter>
    <Filter Include="Sockets">
      <UniqueIdentifier>{2a4b883a-41ab-4cf2-85f9-23a59d51f5bc}</UniqueIdentifier>
    </Filter>
    <Filter Include="Utilities">
      <UniqueIdentifier>{4b6ed76f-9eb6-44ff-adab-f69ce18cbfca}</UniqueIdentifier>
    </Filter>
  </ItemGroup>
  <ItemGroup>
    <ClInclude Include="actionlist.h">
      <Filter>JunkBuster</Filter>
    </ClInclude>
    <ClInclude Include="actions.h">
      <Filter>JunkBuster</Filter>
    </ClInclude>
    <ClInclude Include="cgi.h">
      <Filter>JunkBuster</Filter>
    </ClInclude>
    <ClInclude Include="cgiedit.h">
      <Filter>JunkBuster</Filter>
    </ClInclude>
    <ClInclude Include="cgisimple.h">
      <Filter>JunkBuster</Filter>
    </ClInclude>
    <ClInclude Include="config.h">
      <Filter>JunkBuster</Filter>
    </ClInclude>
    <ClInclude Include="deanimate.h">
      <Filter>JunkBuster</Filter>
    </ClInclude>
    <ClInclude Include="errlog.h">
      <Filter>JunkBuster</Filter>
    </ClInclude>
    <ClInclude Include="filters.h">
      <Filter>JunkBuster</Filter>
    </ClInclude>
    <ClInclude Include="jcc.h">
      <Filter>JunkBuster</Filter>
    </ClInclude>
    <ClInclude Include="loadcfg.h">
      <Filter>JunkBuster</Filter>
    </ClInclude>
    <ClInclude Include="loaders.h">
      <Filter>JunkBuster</Filter>
    </ClInclude>
    <ClInclude Include="parsers.h">
      <Filter>JunkBuster</Filter>
    </ClInclude>
    <ClInclude Include="project.h">
      <Filter>JunkBuster</Filter>
    </ClInclude>
    <ClInclude Include="urlmatch.h">
      <Filter>JunkBuster</Filter>
    </ClInclude>
    <ClInclude Include="cygwin.h">
      <Filter>Win32</Filter>
    </ClInclude>
    <ClInclude Include="w32log.h">
      <Filter>Win32</Filter>
    </ClInclude>
    <ClInclude Include="w32res.h">
      <Filter>Win32</Filter>
    </ClInclude>
    <ClInclude Include="w32taskbar.h">
      <Filter>Win32</Filter>
    </ClInclude>
    <ClInclude Include="win32.h">
      <Filter>Win32</Filter>
    </ClInclude>
    <ClInclude Include="w32svrapi.h">
      <Filter>Win32</Filter>
    </ClInclude>
    <ClInclude Include="pcre\config.h">
      <Filter>PCRE</Filter>
    </ClInclude>
    <ClInclude Include="pcre\internal.h">
      <Filter>PCRE</Filter>
    </ClInclude>
    <ClInclude Include="pcre\pcre.h">
      <Filter>PCRE</Filter>
    </ClInclude>
    <ClInclude Include="pcre\pcreposix.h">
      <Filter>PCRE</Filter>
    </ClInclude>
    <ClInclude Include="pcrs.h">
      <Filter>PCRS</Filter>
    </ClInclude>
    <ClInclude Include="gateway.h">
      <Filter>Sockets</Filter>
    </ClInclude>
    <ClInclude Include="jbsockets.h">
      <Filter>Sockets</Filter>
    </ClInclude>
    <ClInclude Include="encode.h">
      <Filter>Utilities</Filter>
    </ClInclude>
    <ClInclude Include="list.h">
      <Filter>Utilities</Filter>
    </ClInclude>
    <ClInclude Include="miscutil.h">
      <Filter>Utilities</Filter>
    </ClInclude>
    <ClInclude Include="ssplit.h">
      <Filter>Utilities</Filter>
    </ClInclude>
  </ItemGroup>
  <ItemGroup>
    <ClCompile Include="actions.c">
      <Filter>JunkBuster</Filter>
    </ClCompile>
    <ClCompile Include="cgi.c">
      <Filter>JunkBuster</Filter>
    </ClCompile>
    <ClCompile Include="cgiedit.c">
      <Filter>JunkBuster</Filter>
    </ClCompile>
    <ClCompile Include="cgisimple.c">
      <Filter>JunkBuster</Filter>
    </ClCompile>
    <ClCompile Include="deanimate.c">
      <Filter>JunkBuster</Filter>
    </ClCompile>
    <ClCompile Include="errlog.c">
      <Filter>JunkBuster</Filter>
    </ClCompile>
    <ClCompile Include="filters.c">
      <Filter>JunkBuster</Filter>
    </ClCompile>
    <ClCompile Include="jcc.c">
      <Filter>JunkBuster</Filter>
    </ClCompile>
    <ClCompile Include="loadcfg.c">
      <Filter>JunkBuster</Filter>
    </ClCompile>
    <ClCompile Include="loaders.c">
      <Filter>JunkBuster</Filter>
    </ClCompile>
    <ClCompile Include="parsers.c">
      <Filter>JunkBuster</Filter>
    </ClCompile>
    <ClCompile Include="urlmatch.c">
      <Filter>JunkBuster</Filter>
    </ClCompile>
    <ClCompile Include="w32log.c">
      <Filter>Win32</Filter>
    </ClCompile>
    <ClCompile Include="w32taskbar.c">
      <Filter>Win32</Filter>
    </ClCompile>
    <ClCompile Include="win32.c">
      <Filter>Win32</Filter>
    </ClCompile>
    <ClCompile Include="w32svrapi.c">
      <Filter>Win32</Filter>
    </ClCompile>
    <ClCompile Include="pcre\chartables.c">
      <Filter>PCRE</Filter>
    </ClCompile>
    <ClCompile Include="pcre\get.c">
      <Filter>PCRE</Filter>
    </ClCompile>
    <ClCompile Include="pcre\maketables.c">
      <Filter>PCRE</Filter>
    </ClCompile>
    <ClCompile Include="pcre\pcre.c">
      <Filter>PCRE</Filter>
    </ClCompile>
    <ClCompile Include="pcre\pcreposix.c">
      <Filter>PCRE</Filter>
    </ClCompile>
    <ClCompile Include="pcre\study.c">
      <Filter>PCRE</Filter>
    </ClCompile>
    <ClCompile Include="pcrs.c">
      <Filter>PCRS</Filter>
    </ClCompile>
    <ClCompile Include="gateway.c">
      <Filter>Sockets</Filter>
    </ClCompile>
    <ClCompile Include="jbsockets.c">
      <Filter>Sockets</Filter>
    </ClCompile>
    <ClCompile Include="encode.c">
      <Filter>Utilities</Filter>
    </ClCompile>
    <ClCompile Include="list.c">
      <Filter>Utilities</Filter>
    </ClCompile>
    <ClCompile Include="miscutil.c">
      <Filter>Utilities</Filter>
    </ClCompile>
    <ClCompile Include="ssplit.c">
      <Filter>Utilities</Filter>
    </ClCompile>
  </ItemGroup>
  <ItemGroup>
    <Image Include="icons\ico00001.ico">
      <Filter>Resources</Filter>
    </Image>
    <Image Include="icons\ico00002.ico">
      <Filter>Resources</Filter>
    </Image>
    <Image Include="icons\ico00003.ico">
      <Filter>Resources</Filter>
    </Image>
    <Image Include="icons\ico00004.ico">
      <Filter>Resources</Filter>
    </Image>
    <Image Include="icons\ico00005.ico">
      <Filter>Resources</Filter>
    </Image>
    <Image Include="icons\ico00006.ico">
      <Filter>Resources</Filter>
    </Image>
    <Image Include="icons\ico00007.ico">
      <Filter>Resources</Filter>
    </Image>
    <Image Include="icons\ico00008.ico">
      <Filter>Resources</Filter>
    </Image>
    <Image Include="icons\idle.ico">
      <Filter>Resources</Filter>
    </Image>
    <Image Include="icons\privoxy.ico">
      <Filter>Resources</Filter>
    </Image>
  </ItemGroup>
  <ItemGroup>
    <ResourceCompile Include="w32.rc">
      <Filter>Resources</Filter>
    </ResourceCompile>
  </ItemGroup>
</Project>